
Microsoft Visual Studio Solution File, Format Version 12.00
# Visual Studio Version 17
VisualStudioVersion = 17.9.34728.123
MinimumVisualStudioVersion = 10.0.40219.1
Project("{9A19103F-16F7-4668-BE54-9A1E7A4F7556}") = "DailyActionCycle.WebAPI", "DailyActionCycle.WebAPI\DailyActionCycle.WebAPI.csproj", "{CA7FF503-DB6C-42BD-9750-EFE26E2BFE3B}"
EndProject
Project("{9A19103F-16F7-4668-BE54-9A1E7A4F7556}") = "DailyActionCycle.WebUI", "DailyActionCycle.WebUI\DailyActionCycle.WebUI.csproj", "{5E44ACAF-1D08-414B-B711-D7FB48DACEF5}"
EndProject
Global
	GlobalSection(SolutionConfigurationPlatforms) = preSolution
		Debug|Any CPU = Debug|Any CPU
		Release|Any CPU = Release|Any CPU
	EndGlobalSection
	GlobalSection(ProjectConfigurationPlatforms) = postSolution
		{CA7FF503-DB6C-42BD-9750-EFE26E2BFE3B}.Debug|Any CPU.ActiveCfg = Debug|Any CPU
		{CA7FF503-DB6C-42BD-9750-EFE26E2BFE3B}.Debug|Any CPU.Build.0 = Debug|Any CPU
		{CA7FF503-DB6C-42BD-9750-EFE26E2BFE3B}.Release|Any CPU.ActiveCfg = Release|Any CPU
		{CA7FF503-DB6C-42BD-9750-EFE26E2BFE3B}.Release|Any CPU.Build.0 = Release|Any CPU
		{5E44ACAF-1D08-414B-B711-D7FB48DACEF5}.Debug|Any CPU.ActiveCfg = Debug|Any CPU
		{5E44ACAF-1D08-414B-B711-D7FB48DACEF5}.Debug|Any CPU.Build.0 = Debug|Any CPU
		{5E44ACAF-1D08-414B-B711-D7FB48DACEF5}.Debug|Any CPU.Deploy.0 = Debug|Any CPU
		{5E44ACAF-1D08-414B-B711-D7FB48DACEF5}.Release|Any CPU.ActiveCfg = Release|Any CPU
		{5E44ACAF-1D08-414B-B711-D7FB48DACEF5}.Release|Any CPU.Build.0 = Release|Any CPU
		{5E44ACAF-1D08-414B-B711-D7FB48DACEF5}.Release|Any CPU.Deploy.0 = Release|Any CPU
	EndGlobalSection
	GlobalSection(SolutionProperties) = preSolution
		HideSolutionNode = FALSE
	EndGlobalSection
	GlobalSection(ExtensibilityGlobals) = postSolution
		SolutionGuid = {92E74F9A-4662-40A8-BC5A-BE9C6E2D302D}
	EndGlobalSection
EndGlobal
